// !$*UTF8*$!
{
	archiveVersion = 1;
	classes = {
	};
	objectVersion = 46;
	objects = {

/* Begin PBXBuildFile section */
		5B5512F215D690E7000B34BF /* DocumentTableViewController.m in Sources */ = {isa = PBXBuildFile; fileRef = 5B5512F115D690E7000B34BF /* DocumentTableViewController.m */; };
		5B5512FC15D6AFD3000B34BF /* AskerViewController.m in Sources */ = {isa = PBXBuildFile; fileRef = 5B5512FB15D6AFD3000B34BF /* AskerViewController.m */; };
		5B695EDE15C7FE8B003AEBDE /* UIKit.framework in Frameworks */ = {isa = PBXBuildFile; fileRef = 5B695EDD15C7FE8B003AEBDE /* UIKit.framework */; };
		5B695EE015C7FE8B003AEBDE /* Foundation.framework in Frameworks */ = {isa = PBXBuildFile; fileRef = 5B695EDF15C7FE8B003AEBDE /* Foundation.framework */; };
		5B695EE215C7FE8B003AEBDE /* CoreGraphics.framework in Frameworks */ = {isa = PBXBuildFile; fileRef = 5B695EE115C7FE8B003AEBDE /* CoreGraphics.framework */; };
		5B695EE815C7FE8B003AEBDE /* InfoPlist.strings in Resources */ = {isa = PBXBuildFile; fileRef = 5B695EE615C7FE8B003AEBDE /* InfoPlist.strings */; };
		5B695EEA15C7FE8B003AEBDE /* main.m in Sources */ = {isa = PBXBuildFile; fileRef = 5B695EE915C7FE8B003AEBDE /* main.m */; };
		5B695EEE15C7FE8B003AEBDE /* AppDelegate.m in Sources */ = {isa = PBXBuildFile; fileRef = 5B695EED15C7FE8B003AEBDE /* AppDelegate.m */; };
		5B695EF115C7FE8C003AEBDE /* MainStoryboard.storyboard in Resources */ = {isa = PBXBuildFile; fileRef = 5B695EEF15C7FE8C003AEBDE /* MainStoryboard.storyboard */; };
		5B695EF415C7FE8C003AEBDE /* ViewController.m in Sources */ = {isa = PBXBuildFile; fileRef = 5B695EF315C7FE8C003AEBDE /* ViewController.m */; };
		5B695F0815C7FFF0003AEBDE /* CoreDataTableViewController.m in Sources */ = {isa = PBXBuildFile; fileRef = 5B695F0215C7FFF0003AEBDE /* CoreDataTableViewController.m */; };
		5B695F0915C7FFF0003AEBDE /* FlickrFetcher.m in Sources */ = {isa = PBXBuildFile; fileRef = 5B695F0515C7FFF0003AEBDE /* FlickrFetcher.m */; };
		5B695F0A15C7FFF0003AEBDE /* ImageViewController.m in Sources */ = {isa = PBXBuildFile; fileRef = 5B695F0715C7FFF0003AEBDE /* ImageViewController.m */; };
		5B695F0E15C80039003AEBDE /* README in Resources */ = {isa = PBXBuildFile; fileRef = 5B695F0D15C80039003AEBDE /* README */; };
		5B695F1A15C80235003AEBDE /* PhotographersTableViewController.m in Sources */ = {isa = PBXBuildFile; fileRef = 5B695F1915C80235003AEBDE /* PhotographersTableViewController.m */; };
		5B695F1D15C80302003AEBDE /* PhotosByPhotographerTableViewController.m in Sources */ = {isa = PBXBuildFile; fileRef = 5B695F1C15C80301003AEBDE /* PhotosByPhotographerTableViewController.m */; };
		5B695F2015C80B0E003AEBDE /* Photomania.xcdatamodeld in Sources */ = {isa = PBXBuildFile; fileRef = 5B695F1E15C80B0E003AEBDE /* Photomania.xcdatamodeld */; };
		5B695F2915C80DEC003AEBDE /* Photo.m in Sources */ = {isa = PBXBuildFile; fileRef = 5B695F2815C80DEC003AEBDE /* Photo.m */; };
		5B695F2C15C80DED003AEBDE /* Photographer.m in Sources */ = {isa = PBXBuildFile; fileRef = 5B695F2B15C80DEC003AEBDE /* Photographer.m */; };
		5B695F2F15C80FAB003AEBDE /* Photo+Flickr.m in Sources */ = {isa = PBXBuildFile; fileRef = 5B695F2E15C80FAB003AEBDE /* Photo+Flickr.m */; };
		5B695F3215C81408003AEBDE /* Photographer+Create.m in Sources */ = {isa = PBXBuildFile; fileRef = 5B695F3115C81408003AEBDE /* Photographer+Create.m */; };
		5B695F3415C8194E003AEBDE /* CoreData.framework in Frameworks */ = {isa = PBXBuildFile; fileRef = 5B695F3315C8194E003AEBDE /* CoreData.framework */; };
/* End PBXBuildFile section */

/* Begin PBXFileReference section */
		5B5512F015D690E7000B34BF /* DocumentTableViewController.h */ = {isa = PBXFileReference; fileEncoding = 4; lastKnownFileType = sourcecode.c.h; path = DocumentTableViewController.h; sourceTree = "<group>"; };
		5B5512F115D690E7000B34BF /* DocumentTableViewController.m */ = {isa = PBXFileReference; fileEncoding = 4; lastKnownFileType = sourcecode.c.objc; path = DocumentTableViewController.m; sourceTree = "<group>"; };
		5B5512F415D69A62000B34BF /* Photomania.entitlements */ = {isa = PBXFileReference; lastKnownFileType = text.xml; path = Photomania.entitlements; sourceTree = "<group>"; };
		5B5512F915D6ABE8000B34BF /* Photomania 2.xcdatamodel */ = {isa = PBXFileReference; lastKnownFileType = wrapper.xcdatamodel; path = "Photomania 2.xcdatamodel"; sourceTree = "<group>"; };
		5B5512FA15D6AFD3000B34BF /* AskerViewController.h */ = {isa = PBXFileReference; fileEncoding = 4; lastKnownFileType = sourcecode.c.h; path = AskerViewController.h; sourceTree = "<group>"; };
		5B5512FB15D6AFD3000B34BF /* AskerViewController.m */ = {isa = PBXFileReference; fileEncoding = 4; lastKnownFileType = sourcecode.c.objc; path = AskerViewController.m; sourceTree = "<group>"; };
		5B695ED915C7FE8B003AEBDE /* Photomania.app */ = {isa = PBXFileReference; explicitFileType = wrapper.application; includeInIndex = 0; path = Photomania.app; sourceTree = BUILT_PRODUCTS_DIR; };
		5B695EDD15C7FE8B003AEBDE /* UIKit.framework */ = {isa = PBXFileReference; lastKnownFileType = wrapper.framework; name = UIKit.framework; path = System/Library/Frameworks/UIKit.framework; sourceTree = SDKROOT; };
		5B695EDF15C7FE8B003AEBDE /* Foundation.framework */ = {isa = PBXFileReference; lastKnownFileType = wrapper.framework; name = Foundation.framework; path = System/Library/Frameworks/Foundation.framework; sourceTree = SDKROOT; };
		5B695EE115C7FE8B003AEBDE /* CoreGraphics.framework */ = {isa = PBXFileReference; lastKnownFileType = wrapper.framework; name = CoreGraphics.framework; path = System/Library/Frameworks/CoreGraphics.framework; sourceTree = SDKROOT; };
		5B695EE515C7FE8B003AEBDE /* Photomania-Info.plist */ = {isa = PBXFileReference; lastKnownFileType = text.plist.xml; path = "Photomania-Info.plist"; sourceTree = "<group>"; };
		5B695EE715C7FE8B003AEBDE /* en */ = {isa = PBXFileReference; lastKnownFileType = text.plist.strings; name = en; path = en.lproj/InfoPlist.strings; sourceTree = "<group>"; };
		5B695EE915C7FE8B003AEBDE /* main.m */ = {isa = PBXFileReference; lastKnownFileType = sourcecode.c.objc; path = main.m; sourceTree = "<group>"; };
		5B695EEB15C7FE8B003AEBDE /* Photomania-Prefix.pch */ = {isa = PBXFileReference; lastKnownFileType = sourcecode.c.h; path = "Photomania-Prefix.pch"; sourceTree = "<group>"; };
		5B695EEC15C7FE8B003AEBDE /* AppDelegate.h */ = {isa = PBXFileReference; lastKnownFileType = sourcecode.c.h; path = AppDelegate.h; sourceTree = "<group>"; };
		5B695EED15C7FE8B003AEBDE /* AppDelegate.m */ = {isa = PBXFileReference; lastKnownFileType = sourcecode.c.objc; path = AppDelegate.m; sourceTree = "<group>"; };
		5B695EF015C7FE8C003AEBDE /* en */ = {isa = PBXFileReference; lastKnownFileType = file.storyboard; name = en; path = en.lproj/MainStoryboard.storyboard; sourceTree = "<group>"; };
		5B695EF215C7FE8C003AEBDE /* ViewController.h */ = {isa = PBXFileReference; lastKnownFileType = sourcecode.c.h; path = ViewController.h; sourceTree = "<group>"; };
		5B695EF315C7FE8C003AEBDE /* ViewController.m */ = {isa = PBXFileReference; lastKnownFileType = sourcecode.c.objc; path = ViewController.m; sourceTree = "<group>"; };
		5B695F0115C7FFF0003AEBDE /* CoreDataTableViewController.h */ = {isa = PBXFileReference; fileEncoding = 4; lastKnownFileType = sourcecode.c.h; path = CoreDataTableViewController.h; sourceTree = "<group>"; };
		5B695F0215C7FFF0003AEBDE /* CoreDataTableViewController.m */ = {isa = PBXFileReference; fileEncoding = 4; lastKnownFileType = sourcecode.c.objc; path = CoreDataTableViewController.m; sourceTree = "<group>"; };
		5B695F0315C7FFF0003AEBDE /* FlickrAPIKey.h */ = {isa = PBXFileReference; fileEncoding = 4; lastKnownFileType = sourcecode.c.h; path = FlickrAPIKey.h; sourceTree = "<group>"; };
		5B695F0415C7FFF0003AEBDE /* FlickrFetcher.h */ = {isa = PBXFileReference; fileEncoding = 4; lastKnownFileType = sourcecode.c.h; path = FlickrFetcher.h; sourceTree = "<group>"; };
		5B695F0515C7FFF0003AEBDE /* FlickrFetcher.m */ = {isa = PBXFileReference; fileEncoding = 4; lastKnownFileType = sourcecode.c.objc; path = FlickrFetcher.m; sourceTree = "<group>"; };
		5B695F0615C7FFF0003AEBDE /* ImageViewController.h */ = {isa = PBXFileReference; fileEncoding = 4; lastKnownFileType = sourcecode.c.h; path = ImageViewController.h; sourceTree = "<group>"; };
		5B695F0715C7FFF0003AEBDE /* ImageViewController.m */ = {isa = PBXFileReference; fileEncoding = 4; lastKnownFileType = sourcecode.c.objc; path = ImageViewController.m; sourceTree = "<group>"; };
		5B695F0D15C80039003AEBDE /* README */ = {isa = PBXFileReference; fileEncoding = 4; lastKnownFileType = text; path = README; sourceTree = SOURCE_ROOT; };
		5B695F1815C80235003AEBDE /* PhotographersTableViewController.h */ = {isa = PBXFileReference; fileEncoding = 4; lastKnownFileType = sourcecode.c.h; path = PhotographersTableViewController.h; sourceTree = "<group>"; };
		5B695F1915C80235003AEBDE /* PhotographersTableViewController.m */ = {isa = PBXFileReference; fileEncoding = 4; lastKnownFileType = sourcecode.c.objc; path = PhotographersTableViewController.m; sourceTree = "<group>"; };
		5B695F1B15C80301003AEBDE /* PhotosByPhotographerTableViewController.h */ = {isa = PBXFileReference; fileEncoding = 4; lastKnownFileType = sourcecode.c.h; path = PhotosByPhotographerTableViewController.h; sourceTree = "<group>"; };
		5B695F1C15C80301003AEBDE /* PhotosByPhotographerTableViewController.m */ = {isa = PBXFileReference; fileEncoding = 4; lastKnownFileType = sourcecode.c.objc; path = PhotosByPhotographerTableViewController.m; sourceTree = "<group>"; };
		5B695F1F15C80B0E003AEBDE /* Photomania.xcdatamodel */ = {isa = PBXFileReference; lastKnownFileType = wrapper.xcdatamodel; path = Photomania.xcdatamodel; sourceTree = "<group>"; };
		5B695F2715C80DEC003AEBDE /* Photo.h */ = {isa = PBXFileReference; fileEncoding = 4; lastKnownFileType = sourcecode.c.h; path = Photo.h; sourceTree = "<group>"; };
		5B695F2815C80DEC003AEBDE /* Photo.m */ = {isa = PBXFileReference; fileEncoding = 4; lastKnownFileType = sourcecode.c.objc; path = Photo.m; sourceTree = "<group>"; };
		5B695F2A15C80DEC003AEBDE /* Photographer.h */ = {isa = PBXFileReference; fileEncoding = 4; lastKnownFileType = sourcecode.c.h; path = Photographer.h; sourceTree = "<group>"; };
		5B695F2B15C80DEC003AEBDE /* Photographer.m */ = {isa = PBXFileReference; fileEncoding = 4; lastKnownFileType = sourcecode.c.objc; path = Photographer.m; sourceTree = "<group>"; };
		5B695F2D15C80FAB003AEBDE /* Photo+Flickr.h */ = {isa = PBXFileReference; fileEncoding = 4; lastKnownFileType = sourcecode.c.h; path = "Photo+Flickr.h"; sourceTree = "<group>"; };
		5B695F2E15C80FAB003AEBDE /* Photo+Flickr.m */ = {isa = PBXFileReference; fileEncoding = 4; lastKnownFileType = sourcecode.c.objc; path = "Photo+Flickr.m"; sourceTree = "<group>"; };
		5B695F3015C81408003AEBDE /* Photographer+Create.h */ = {isa = PBXFileReference; fileEncoding = 4; lastKnownFileType = sourcecode.c.h; path = "Photographer+Create.h"; sourceTree = "<group>"; };
		5B695F3115C81408003AEBDE /* Photographer+Create.m */ = {isa = PBXFileReference; fileEncoding = 4; lastKnownFileType = sourcecode.c.objc; path = "Photographer+Create.m"; sourceTree = "<group>"; };
		5B695F3315C8194E003AEBDE /* CoreData.framework */ = {isa = PBXFileReference; lastKnownFileType = wrapper.framework; name = CoreData.framework; path = System/Library/Frameworks/CoreData.framework; sourceTree = SDKROOT; };
/* End PBXFileReference section */

/* Begin PBXFrameworksBuildPhase section */
		5B695ED615C7FE8B003AEBDE /* Frameworks */ = {
			isa = PBXFrameworksBuildPhase;
			buildActionMask = 2147483647;
			files = (
				5B695F3415C8194E003AEBDE /* CoreData.framework in Frameworks */,
				5B695EDE15C7FE8B003AEBDE /* UIKit.framework in Frameworks */,
				5B695EE015C7FE8B003AEBDE /* Foundation.framework in Frameworks */,
				5B695EE215C7FE8B003AEBDE /* CoreGraphics.framework in Frameworks */,
			);
			runOnlyForDeploymentPostprocessing = 0;
		};
/* End PBXFrameworksBuildPhase section */

/* Begin PBXGroup section */
		5B695ECE15C7FE8B003AEBDE = {
			isa = PBXGroup;
			children = (
				5B695EE315C7FE8B003AEBDE /* Photomania */,
				5B695EDC15C7FE8B003AEBDE /* Frameworks */,
				5B695EDA15C7FE8B003AEBDE /* Products */,
			);
			sourceTree = "<group>";
		};
		5B695EDA15C7FE8B003AEBDE /* Products */ = {
			isa = PBXGroup;
			children = (
				5B695ED915C7FE8B003AEBDE /* Photomania.app */,
			);
			name = Products;
			sourceTree = "<group>";
		};
		5B695EDC15C7FE8B003AEBDE /* Frameworks */ = {
			isa = PBXGroup;
			children = (
				5B695F3315C8194E003AEBDE /* CoreData.framework */,
				5B695EDD15C7FE8B003AEBDE /* UIKit.framework */,
				5B695EDF15C7FE8B003AEBDE /* Foundation.framework */,
				5B695EE115C7FE8B003AEBDE /* CoreGraphics.framework */,
			);
			name = Frameworks;
			sourceTree = "<group>";
		};
		5B695EE315C7FE8B003AEBDE /* Photomania */ = {
			isa = PBXGroup;
			children = (
				5B695F0D15C80039003AEBDE /* README */,
				5B695EEF15C7FE8C003AEBDE /* MainStoryboard.storyboard */,
				5B5512F015D690E7000B34BF /* DocumentTableViewController.h */,
				5B5512F115D690E7000B34BF /* DocumentTableViewController.m */,
				5B695F1E15C80B0E003AEBDE /* Photomania.xcdatamodeld */,
				5B695F2A15C80DEC003AEBDE /* Photographer.h */,
				5B695F2B15C80DEC003AEBDE /* Photographer.m */,
				5B695F3015C81408003AEBDE /* Photographer+Create.h */,
				5B695F3115C81408003AEBDE /* Photographer+Create.m */,
				5B695F2715C80DEC003AEBDE /* Photo.h */,
				5B695F2815C80DEC003AEBDE /* Photo.m */,
				5B695F2D15C80FAB003AEBDE /* Photo+Flickr.h */,
				5B695F2E15C80FAB003AEBDE /* Photo+Flickr.m */,
				5B695EF215C7FE8C003AEBDE /* ViewController.h */,
				5B695EF315C7FE8C003AEBDE /* ViewController.m */,
				5B695F1815C80235003AEBDE /* PhotographersTableViewController.h */,
				5B695F1915C80235003AEBDE /* PhotographersTableViewController.m */,
				5B695F1B15C80301003AEBDE /* PhotosByPhotographerTableViewController.h */,
				5B695F1C15C80301003AEBDE /* PhotosByPhotographerTableViewController.m */,
				5B695F1315C80088003AEBDE /* Provided Files */,
				5B695EE415C7FE8B003AEBDE /* Supporting Files */,
			);
			path = Photomania;
			sourceTree = "<group>";
		};
		5B695EE415C7FE8B003AEBDE /* Supporting Files */ = {
			isa = PBXGroup;
			children = (
				5B695EEC15C7FE8B003AEBDE /* AppDelegate.h */,
				5B695EED15C7FE8B003AEBDE /* AppDelegate.m */,
				5B5512F415D69A62000B34BF /* Photomania.entitlements */,
				5B695EE515C7FE8B003AEBDE /* Photomania-Info.plist */,
				5B695EE615C7FE8B003AEBDE /* InfoPlist.strings */,
				5B695EE915C7FE8B003AEBDE /* main.m */,
				5B695EEB15C7FE8B003AEBDE /* Photomania-Prefix.pch */,
			);
			name = "Supporting Files";
			sourceTree = "<group>";
		};
		5B695F1315C80088003AEBDE /* Provided Files */ = {
			isa = PBXGroup;
			children = (
				5B695F0315C7FFF0003AEBDE /* FlickrAPIKey.h */,
				5B695F0415C7FFF0003AEBDE /* FlickrFetcher.h */,
				5B695F0515C7FFF0003AEBDE /* FlickrFetcher.m */,
				5B695F0615C7FFF0003AEBDE /* ImageViewController.h */,
				5B695F0715C7FFF0003AEBDE /* ImageViewController.m */,
				5B695F0115C7FFF0003AEBDE /* CoreDataTableViewController.h */,
				5B695F0215C7FFF0003AEBDE /* CoreDataTableViewController.m */,
				5B5512FA15D6AFD3000B34BF /* AskerViewController.h */,
				5B5512FB15D6AFD3000B34BF /* AskerViewController.m */,
			);
			name = "Provided Files";
			sourceTree = "<group>";
		};
/* End PBXGroup section */

/* Begin PBXNativeTarget section */
		5B695ED815C7FE8B003AEBDE /* Photomania */ = {
			isa = PBXNativeTarget;
			buildConfigurationList = 5B695EF715C7FE8C003AEBDE /* Build configuration list for PBXNativeTarget "Photomania" */;
			buildPhases = (
				5B695ED515C7FE8B003AEBDE /* Sources */,
				5B695ED615C7FE8B003AEBDE /* Frameworks */,
				5B695ED715C7FE8B003AEBDE /* Resources */,
			);
			buildRules = (
			);
			dependencies = (
			);
			name = Photomania;
			productName = Photomania;
			productReference = 5B695ED915C7FE8B003AEBDE /* Photomania.app */;
			productType = "com.apple.product-type.application";
		};
/* End PBXNativeTarget section */

/* Begin PBXProject section */
		5B695ED015C7FE8B003AEBDE /* Project object */ = {
			isa = PBXProject;
			attributes = {
				LastUpgradeCheck = 0430;
				ORGANIZATIONNAME = m2m;
			};
			buildConfigurationList = 5B695ED315C7FE8B003AEBDE /* Build configuration list for PBXProject "Photomania" */;
			compatibilityVersion = "Xcode 3.2";
			developmentRegion = English;
			hasScannedForEncodings = 0;
			knownRegions = (
				en,
			);
			mainGroup = 5B695ECE15C7FE8B003AEBDE;
			productRefGroup = 5B695EDA15C7FE8B003AEBDE /* Products */;
			projectDirPath = "";
			projectRoot = "";
			targets = (
				5B695ED815C7FE8B003AEBDE /* Photomania */,
			);
		};
/* End PBXProject section */

/* Begin PBXResourcesBuildPhase section */
		5B695ED715C7FE8B003AEBDE /* Resources */ = {
			isa = PBXResourcesBuildPhase;
			buildActionMask = 2147483647;
			files = (
				5B695EE815C7FE8B003AEBDE /* InfoPlist.strings in Resources */,
				5B695EF115C7FE8C003AEBDE /* MainStoryboard.storyboard in Resources */,
				5B695F0E15C80039003AEBDE /* README in Resources */,
			);
			runOnlyForDeploymentPostprocessing = 0;
		};
/* End PBXResourcesBuildPhase section */

/* Begin PBXSourcesBuildPhase section */
		5B695ED515C7FE8B003AEBDE /* Sources */ = {
			isa = PBXSourcesBuildPhase;
			buildActionMask = 2147483647;
			files = (
				5B695EEA15C7FE8B003AEBDE /* main.m in Sources */,
				5B695EEE15C7FE8B003AEBDE /* AppDelegate.m in Sources */,
				5B695EF415C7FE8C003AEBDE /* ViewController.m in Sources */,
				5B695F0815C7FFF0003AEBDE /* CoreDataTableViewController.m in Sources */,
				5B695F0915C7FFF0003AEBDE /* FlickrFetcher.m in Sources */,
				5B695F0A15C7FFF0003AEBDE /* ImageViewController.m in Sources */,
				5B695F1A15C80235003AEBDE /* PhotographersTableViewController.m in Sources */,
				5B695F1D15C80302003AEBDE /* PhotosByPhotographerTableViewController.m in Sources */,
				5B695F2015C80B0E003AEBDE /* Photomania.xcdatamodeld in Sources */,
				5B695F2915C80DEC003AEBDE /* Photo.m in Sources */,
				5B695F2C15C80DED003AEBDE /* Photographer.m in Sources */,
				5B695F2F15C80FAB003AEBDE /* Photo+Flickr.m in Sources */,
				5B695F3215C81408003AEBDE /* Photographer+Create.m in Sources */,
				5B5512F215D690E7000B34BF /* DocumentTableViewController.m in Sources */,
				5B5512FC15D6AFD3000B34BF /* AskerViewController.m in Sources */,
			);
			runOnlyForDeploymentPostprocessing = 0;
		};
/* End PBXSourcesBuildPhase section */

/* Begin PBXVariantGroup section */
		5B695EE615C7FE8B003AEBDE /* InfoPlist.strings */ = {
			isa = PBXVariantGroup;
			children = (
				5B695EE715C7FE8B003AEBDE /* en */,
			);
			name = InfoPlist.strings;
			sourceTree = "<group>";
		};
		5B695EEF15C7FE8C003AEBDE /* MainStoryboard.storyboard */ = {
			isa = PBXVariantGroup;
			children = (
				5B695EF015C7FE8C003AEBDE /* en */,
			);
			name = MainStoryboard.storyboard;
			sourceTree = "<group>";
		};
/* End PBXVariantGroup section */

/* Begin XCBuildConfiguration section */
		5B695EF515C7FE8C003AEBDE /* Debug */ = {
			isa = XCBuildConfiguration;
			buildSettings = {
				ALWAYS_SEARCH_USER_PATHS = NO;
				ARCHS = "$(ARCHS_STANDARD_32_BIT)";
				CLANG_ENABLE_OBJC_ARC = YES;
				"CODE_SIGN_IDENTITY[sdk=iphoneos*]" = "iPhone Developer";
				COPY_PHASE_STRIP = NO;
				GCC_C_LANGUAGE_STANDARD = gnu99;
				GCC_DYNAMIC_NO_PIC = NO;
				GCC_OPTIMIZATION_LEVEL = 0;
				GCC_PREPROCESSOR_DEFINITIONS = (
					"DEBUG=1",
					"$(inherited)",
				);
				GCC_SYMBOLS_PRIVATE_EXTERN = NO;
				GCC_VERSION = com.apple.compilers.llvm.clang.1_0;
				GCC_WARN_ABOUT_RETURN_TYPE = YES;
				GCC_WARN_UNINITIALIZED_AUTOS = YES;
				GCC_WARN_UNUSED_VARIABLE = YES;
				IPHONEOS_DEPLOYMENT_TARGET = 5.1;
				SDKROOT = iphoneos;
			};
			name = Debug;
		};
		5B695EF615C7FE8C003AEBDE /* Release */ = {
			isa = XCBuildConfiguration;
			buildSettings = {
				ALWAYS_SEARCH_USER_PATHS = NO;
				ARCHS = "$(ARCHS_STANDARD_32_BIT)";
				CLANG_ENABLE_OBJC_ARC = YES;
				"CODE_SIGN_IDENTITY[sdk=iphoneos*]" = "iPhone Developer";
				COPY_PHASE_STRIP = YES;
				GCC_C_LANGUAGE_STANDARD = gnu99;
				GCC_VERSION = com.apple.compilers.llvm.clang.1_0;
				GCC_WARN_ABOUT_RETURN_TYPE = YES;
				GCC_WARN_UNINITIALIZED_AUTOS = YES;
				GCC_WARN_UNUSED_VARIABLE = YES;
				IPHONEOS_DEPLOYMENT_TARGET = 5.1;
				OTHER_CFLAGS = "-DNS_BLOCK_ASSERTIONS=1";
				SDKROOT = iphoneos;
				VALIDATE_PRODUCT = YES;
			};
			name = Release;
		};
		5B695EF815C7FE8C003AEBDE /* Debug */ = {
			isa = XCBuildConfiguration;
			buildSettings = {
				CODE_SIGN_ENTITLEMENTS = Photomania/Photomania.entitlements;
				GCC_PRECOMPILE_PREFIX_HEADER = YES;
				GCC_PREFIX_HEADER = "Photomania/Photomania-Prefix.pch";
				INFOPLIST_FILE = "Photomania/Photomania-Info.plist";
				PRODUCT_NAME = "$(TARGET_NAME)";
				WRAPPER_EXTENSION = app;
			};
			name = Debug;
		};
		5B695EF915C7FE8C003AEBDE /* Release */ = {
			isa = XCBuildConfiguration;
			buildSettings = {
				CODE_SIGN_ENTITLEMENTS = Photomania/Photomania.entitlements;
				GCC_PRECOMPILE_PREFIX_HEADER = YES;
				GCC_PREFIX_HEADER = "Photomania/Photomania-Prefix.pch";
				INFOPLIST_FILE = "Photomania/Photomania-Info.plist";
				PRODUCT_NAME = "$(TARGET_NAME)";
				WRAPPER_EXTENSION = app;
			};
			name = Release;
		};
/* End XCBuildConfiguration section */

/* Begin XCConfigurationList section */
		5B695ED315C7FE8B003AEBDE /* Build configuration list for PBXProject "Photomania" */ = {
			isa = XCConfigurationList;
			buildConfigurations = (
				5B695EF515C7FE8C003AEBDE /* Debug */,
				5B695EF615C7FE8C003AEBDE /* Release */,
			);
			defaultConfigurationIsVisible = 0;
			defaultConfigurationName = Release;
		};
		5B695EF715C7FE8C003AEBDE /* Build configuration list for PBXNativeTarget "Photomania" */ = {
			isa = XCConfigurationList;
			buildConfigurations = (
				5B695EF815C7FE8C003AEBDE /* Debug */,
				5B695EF915C7FE8C003AEBDE /* Release */,
			);
			defaultConfigurationIsVisible = 0;
			defaultConfigurationName = Release;
		};
/* End XCConfigurationList section */

/* Begin XCVersionGroup section */
		5B695F1E15C80B0E003AEBDE /* Photomania.xcdatamodeld */ = {
			isa = XCVersionGroup;
			children = (
				5B5512F915D6ABE8000B34BF /* Photomania 2.xcdatamodel */,
				5B695F1F15C80B0E003AEBDE /* Photomania.xcdatamodel */,
			);
			currentVersion = 5B695F1F15C80B0E003AEBDE /* Photomania.xcdatamodel */;
			path = Photomania.xcdatamodeld;
			sourceTree = "<group>";
			versionGroupType = wrapper.xcdatamodel;
		};
/* End XCVersionGroup section */
	};
	rootObject = 5B695ED015C7FE8B003AEBDE /* Project object */;
}
